
Microsoft Visual Studio Solution File, Format Version 12.00
# Visual Studio Version 16
VisualStudioVersion = 16.0.29509.3
MinimumVisualStudioVersion = 10.0.40219.1
Project("{FAE04EC0-301F-11D3-BF4B-00C04F79EFBC}") = "WebApplication1", "WebApplication1\WebApplication1.csproj", "{E3F764AE-FB35-4663-8C50-B7972847EFDC}"
EndProject
Global
	GlobalSection(SolutionConfigurationPlatforms) = preSolution
		Debug|Any CPU = Debug|Any CPU
		Release|Any CPU = Release|Any CPU
	EndGlobalSection
	GlobalSection(ProjectConfigurationPlatforms) = postSolution
		{E3F764AE-FB35-4663-8C50-B7972847EFDC}.Debug|Any CPU.ActiveCfg = Debug|Any CPU
		{E3F764AE-FB35-4663-8C50-B7972847EFDC}.Debug|Any CPU.Build.0 = Debug|Any CPU
		{E3F764AE-FB35-4663-8C50-B7972847EFDC}.Release|Any CPU.ActiveCfg = Release|Any CPU
		{E3F764AE-FB35-4663-8C50-B7972847EFDC}.Release|Any CPU.Build.0 = Release|Any CPU
	EndGlobalSection
	GlobalSection(SolutionProperties) = preSolution
		HideSolutionNode = FALSE
	EndGlobalSection
	GlobalSection(ExtensibilityGlobals) = postSolution
		SolutionGuid = {AAF1EE80-9B80-4112-8367-6E19840F0E67}
	EndGlobalSection
EndGlobal
